Microsoft Visual Studio Solution File, Format Version 12.00
# Visual Studio Version 17
VisualStudioVersion = 17.6.33723.286
MinimumVisualStudioVersion = 10.0.40219.1
Project("{9A19103F-16F7-4668-BE54-9A1E7A4F7556}") = "MoreSlaves", "MoreSlaves\MoreSlaves.csproj", "{0718619E-7851-4EDD-A1D1-BE833CAFF00D}"
EndProject
Global
	GlobalSection(SolutionConfigurationPlatforms) = preSolution
		Debug|Any CPU = Debug|Any CPU
		Release|Any CPU = Release|Any CPU
	EndGlobalSection
	GlobalSection(ProjectConfigurationPlatforms) = postSolution
		{0718619E-7851-4EDD-A1D1-BE833CAFF00D}.Debug|Any CPU.ActiveCfg = Debug|Any CPU
		{0718619E-7851-4EDD-A1D1-BE833CAFF00D}.Debug|Any CPU.Build.0 = Debug|Any CPU
		{0718619E-7851-4EDD-A1D1-BE833CAFF00D}.Release|Any CPU.ActiveCfg = Release|Any CPU
		{0718619E-7851-4EDD-A1D1-BE833CAFF00D}.Release|Any CPU.Build.0 = Release|Any CPU
	EndGlobalSection
	GlobalSection(SolutionProperties) = preSolution
		HideSolutionNode = FALSE
	EndGlobalSection
	GlobalSection(ExtensibilityGlobals) = postSolution
		SolutionGuid = {70edf796-ac5b-4d15-bf51-23a967d9916f}
	EndGlobalSection
EndGlobal
